<?xml version="1.0" encoding="utf-8"?>
<Project ToolsVersion="4.0" xmlns="http://schemas.microsoft.com/developer/msbuild/2003">
  <ItemGroup>
    <Filter Include="Исходные файлы">
      <UniqueIdentifier>{4FC737F1-C7A5-4376-A066-2A32D752A2FF}</UniqueIdentifier>
      <Extensions>cpp;c;cc;cxx;c++;cppm;ixx;def;odl;idl;hpj;bat;asm;asmx</Extensions>
    </Filter>
    <Filter Include="Файлы заголовков">
      <UniqueIdentifier>{93995380-89BD-4b04-88EB-625FBE52EBFB}</UniqueIdentifier>
      <Extensions>h;hh;hpp;hxx;h++;hm;inl;inc;ipp;xsd</Extensions>
    </Filter>
    <Filter Include="Файлы ресурсов">
      <UniqueIdentifier>{67DA6AB6-F800-4c08-8B7A-83BB121AAD01}</UniqueIdentifier>
      <Extensions>rc;ico;cur;bmp;dlg;rc2;rct;bin;rgs;gif;jpg;jpeg;jpe;resx;tiff;tif;png;wav;mfcribbon-ms</Extensions>
    </Filter>
  </ItemGroup>
  <ItemGroup>
    <Text Include="map.txt">
      <Filter>Файлы ресурсов</Filter>
    </Text>
    <Text Include="GridConf.txt">
      <Filter>Файлы ресурсов</Filter>
    </Text>
    <Text Include="GridSprites.txt">
      <Filter>Файлы ресурсов</Filter>
    </Text>
  </ItemGroup>
  <ItemGroup>
    <Image Include="..\..\..\..\Downloads\aaaaa\E1.png">
      <Filter>Файлы ресурсов</Filter>
    </Image>
    <Image Include="..\..\..\..\Downloads\aaaaa\E2.png">
      <Filter>Файлы ресурсов</Filter>
    </Image>
    <Image Include="..\..\..\..\Downloads\aaaaa\E3.png">
      <Filter>Файлы ресурсов</Filter>
    </Image>
    <Image Include="..\..\..\..\Downloads\aaaaa\L.png">
      <Filter>Файлы ресурсов</Filter>
    </Image>
    <Image Include="..\..\..\..\Downloads\aaaaa\P.png">
      <Filter>Файлы ресурсов</Filter>
    </Image>
    <Image Include="..\..\..\..\Downloads\aaaaa\A.png">
      <Filter>Файлы ресурсов</Filter>
    </Image>
    <Image Include="..\..\..\..\Downloads\aaaaa\B.png">
      <Filter>Файлы ресурсов</Filter>
    </Image>
    <Image Include="..\..\..\..\Downloads\Wide_Door_Entry.png">
      <Filter>Файлы ресурсов</Filter>
    </Image>
    <Image Include="..\..\..\..\Downloads\Wide_Door_Exit.png">
      <Filter>Файлы ресурсов</Filter>
    </Image>
    <Image Include="..\..\..\..\Downloads\_land_6.png">
      <Filter>Файлы ресурсов</Filter>
    </Image>
    <Image Include="..\..\..\..\Downloads\Tile_12.png">
      <Filter>Файлы ресурсов</Filter>
    </Image>
    <Image Include="..\..\..\..\Downloads\bullet.png">
      <Filter>Файлы ресурсов</Filter>
    </Image>
    <Image Include="bullet1.png">
      <Filter>Файлы ресурсов</Filter>
    </Image>
    <Image Include="bullet2.png">
      <Filter>Файлы ресурсов</Filter>
    </Image>
    <Image Include="bullet3.png">
      <Filter>Файлы ресурсов</Filter>
    </Image>
    <Image Include="bullet4.png">
      <Filter>Файлы ресурсов</Filter>
    </Image>
  </ItemGroup>
  <ItemGroup>
    <ClInclude Include="BuildDirector.hpp">
      <Filter>Файлы заголовков</Filter>
    </ClInclude>
    <ClInclude Include="Bullet.hpp">
      <Filter>Файлы заголовков</Filter>
    </ClInclude>
    <ClInclude Include="Character.hpp">
      <Filter>Файлы заголовков</Filter>
    </ClInclude>
    <ClInclude Include="Controller.hpp">
      <Filter>Файлы заголовков</Filter>
    </ClInclude>
    <ClInclude Include="Enemy.hpp">
      <Filter>Файлы заголовков</Filter>
    </ClInclude>
    <ClInclude Include="EnemyFactory.hpp">
      <Filter>Файлы заголовков</Filter>
    </ClInclude>
    <ClInclude Include="Entity.hpp">
      <Filter>Файлы заголовков</Filter>
    </ClInclude>
    <ClInclude Include="EntityView.hpp">
      <Filter>Файлы заголовков</Filter>
    </ClInclude>
    <ClInclude Include="Exceptions.hpp">
      <Filter>Файлы заголовков</Filter>
    </ClInclude>
    <ClInclude Include="FieldGrid.hpp">
      <Filter>Файлы заголовков</Filter>
    </ClInclude>
    <ClInclude Include="Game.hpp">
      <Filter>Файлы заголовков</Filter>
    </ClInclude>
    <ClInclude Include="GridCreator.hpp">
      <Filter>Файлы заголовков</Filter>
    </ClInclude>
    <ClInclude Include="GridView.hpp">
      <Filter>Файлы заголовков</Filter>
    </ClInclude>
    <ClInclude Include="ICharacter.hpp">
      <Filter>Файлы заголовков</Filter>
    </ClInclude>
    <ClInclude Include="Item.hpp">
      <Filter>Файлы заголовков</Filter>
    </ClInclude>
    <ClInclude Include="ItemFactory.hpp">
      <Filter>Файлы заголовков</Filter>
    </ClInclude>
    <ClInclude Include="ITileBuilder.hpp">
      <Filter>Файлы заголовков</Filter>
    </ClInclude>
    <ClInclude Include="Player.hpp">
      <Filter>Файлы заголовков</Filter>
    </ClInclude>
    <ClInclude Include="Point.hpp">
      <Filter>Файлы заголовков</Filter>
    </ClInclude>
    <ClInclude Include="Tile.hpp">
      <Filter>Файлы заголовков</Filter>
    </ClInclude>
    <ClInclude Include="TileBuilder.hpp">
      <Filter>Файлы заголовков</Filter>
    </ClInclude>
    <ClInclude Include="Weapon.hpp">
      <Filter>Файлы заголовков</Filter>
    </ClInclude>
    <ClInclude Include="PlayersBagView.hpp">
      <Filter>Файлы заголовков</Filter>
    </ClInclude>
    <ClInclude Include="Logger.hpp">
      <Filter>Файлы заголовков</Filter>
    </ClInclude>
  </ItemGroup>
  <ItemGroup>
    <ClCompile Include="BuildDirector.cpp">
      <Filter>Исходные файлы</Filter>
    </ClCompile>
    <ClCompile Include="Bullet.cpp">
      <Filter>Исходные файлы</Filter>
    </ClCompile>
    <ClCompile Include="Character.cpp">
      <Filter>Исходные файлы</Filter>
    </ClCompile>
    <ClCompile Include="Controller.cpp">
      <Filter>Исходные файлы</Filter>
    </ClCompile>
    <ClCompile Include="Enemy.cpp">
      <Filter>Исходные файлы</Filter>
    </ClCompile>
    <ClCompile Include="EnemyFactory.cpp">
      <Filter>Исходные файлы</Filter>
    </ClCompile>
    <ClCompile Include="EntityView.cpp">
      <Filter>Исходные файлы</Filter>
    </ClCompile>
    <ClCompile Include="Exceptions.cpp">
      <Filter>Исходные файлы</Filter>
    </ClCompile>
    <ClCompile Include="FieldGrid.cpp">
      <Filter>Исходные файлы</Filter>
    </ClCompile>
    <ClCompile Include="Game.cpp">
      <Filter>Исходные файлы</Filter>
    </ClCompile>
    <ClCompile Include="GridCreator.cpp">
      <Filter>Исходные файлы</Filter>
    </ClCompile>
    <ClCompile Include="GridView.cpp">
      <Filter>Исходные файлы</Filter>
    </ClCompile>
    <ClCompile Include="Item.cpp">
      <Filter>Исходные файлы</Filter>
    </ClCompile>
    <ClCompile Include="ItemFactory.cpp">
      <Filter>Исходные файлы</Filter>
    </ClCompile>
    <ClCompile Include="Player.cpp">
      <Filter>Исходные файлы</Filter>
    </ClCompile>
    <ClCompile Include="Point.cpp">
      <Filter>Исходные файлы</Filter>
    </ClCompile>
    <ClCompile Include="Source.cpp">
      <Filter>Исходные файлы</Filter>
    </ClCompile>
    <ClCompile Include="Tile.cpp">
      <Filter>Исходные файлы</Filter>
    </ClCompile>
    <ClCompile Include="TileBuilder.cpp">
      <Filter>Исходные файлы</Filter>
    </ClCompile>
    <ClCompile Include="Weapon.cpp">
      <Filter>Исходные файлы</Filter>
    </ClCompile>
    <ClCompile Include="PlayersBagView.cpp">
      <Filter>Исходные файлы</Filter>
    </ClCompile>
    <ClCompile Include="Logger.cpp">
      <Filter>Исходные файлы</Filter>
    </ClCompile>
  </ItemGroup>
  <ItemGroup>
    <Font Include="..\..\..\..\Desktop\fonts.ttf">
      <Filter>Файлы ресурсов</Filter>
    </Font>
    <Font Include="..\..\..\..\Desktop\Freedom-10eM.ttf">
      <Filter>Файлы ресурсов</Filter>
    </Font>
    <Font Include="Nasa21.ttf">
      <Filter>Файлы ресурсов</Filter>
    </Font>
    <Font Include="Pixellettersfull-BnJ5.ttf">
      <Filter>Файлы ресурсов</Filter>
    </Font>
    <Font Include="Pixelletters-RLm3.ttf">
      <Filter>Файлы ресурсов</Filter>
    </Font>
  </ItemGroup>
</Project>